
Microsoft Visual Studio Solution File, Format Version 12.00
# Visual Studio Version 17
VisualStudioVersion = 17.9.34728.123
MinimumVisualStudioVersion = 10.0.40219.1
Project("{9A19103F-16F7-4668-BE54-9A1E7A4F7556}") = "QuizApplication", "QuizApplication\QuizApplication.csproj", "{5D62C426-7072-41E7-B45F-D024FC38ED90}"
EndProject
Global
	GlobalSection(SolutionConfigurationPlatforms) = preSolution
		Debug|Any CPU = Debug|Any CPU
		Release|Any CPU = Release|Any CPU
	EndGlobalSection
	GlobalSection(ProjectConfigurationPlatforms) = postSolution
		{5D62C426-7072-41E7-B45F-D024FC38ED90}.Debug|Any CPU.ActiveCfg = Debug|Any CPU
		{5D62C426-7072-41E7-B45F-D024FC38ED90}.Debug|Any CPU.Build.0 = Debug|Any CPU
		{5D62C426-7072-41E7-B45F-D024FC38ED90}.Release|Any CPU.ActiveCfg = Release|Any CPU
		{5D62C426-7072-41E7-B45F-D024FC38ED90}.Release|Any CPU.Build.0 = Release|Any CPU
	EndGlobalSection
	GlobalSection(SolutionProperties) = preSolution
		HideSolutionNode = FALSE
	EndGlobalSection
	GlobalSection(ExtensibilityGlobals) = postSolution
		SolutionGuid = {A4D0B721-3224-48F9-AF33-3DCCAD615C52}
	EndGlobalSection
EndGlobal
